{
    "_meta": {
        "hash": {
            "sha256": "532653e9f08362e05c09678bda3777f042649a8c9057b5b098b01553f17e560f"
        },
        "pipfile-spec": 6,
        "requires": {
            "python_version": "3.6"
        },
        "sources": [
            {
                "name": "pypi",
                "url": "https://pypi.org/simple",
                "verify_ssl": true
            }
        ]
    },
    "default": {
        "certifi": {
            "hashes": [
                "sha256:2bbf76fd432960138b3ef6dda3dde0544f27cbf8546c458e60baf371917ba9ee",
                "sha256:50b1e4f8446b06f41be7dd6338db18e0990601dce795c2b1686458aa7e8fa7d8"
            ],
            "version": "==2021.5.30"
        },
        "chardet": {
            "hashes": [
                "sha256:0d6f53a15db4120f2b08c94f11e7d93d2c911ee118b6b30a04ec3ee8310179fa",
                "sha256:f864054d66fd9118f2e67044ac8981a54775ec5b67aed0441892edb553d21da5"
            ],
            "version": "==4.0.0"
        },
        "docker": {
            "hashes": [
                "sha256:13966471e8bc23b36bfb3a6fb4ab75043a5ef1dac86516274777576bed3b9828",
                "sha256:bad94b8dd001a8a4af19ce4becc17f41b09f228173ffe6a4e0355389eef142f2"
            ],
            "index": "pypi",
            "version": "==4.3.1"
        },
        "ffmpeg": {
            "hashes": [
                "sha256:6931692c890ff21d39938433c2189747815dca0c60ddc7f9bb97f199dba0b5b9"
            ],
            "index": "pypi",
            "version": "==1.4"
        },
        "idna": {
            "hashes": [
                "sha256:b307872f855b18632ce0c21c5e45be78c0ea7ae4c15c828c20788b26921eb3f6",
                "sha256:b97d804b1e9b523befed77c48dacec60e6dcb0b5391d57af6a65a312a90648c0"
            ],
            "version": "==2.10"
        },
        "numpy": {
            "hashes": [
                "sha256:012426a41bc9ab63bb158635aecccc7610e3eff5d31d1eb43bc099debc979d94",
                "sha256:06fab248a088e439402141ea04f0fffb203723148f6ee791e9c75b3e9e82f080",
                "sha256:0eef32ca3132a48e43f6a0f5a82cb508f22ce5a3d6f67a8329c81c8e226d3f6e",
                "sha256:1ded4fce9cfaaf24e7a0ab51b7a87be9038ea1ace7f34b841fe3b6894c721d1c",
                "sha256:2e55195bc1c6b705bfd8ad6f288b38b11b1af32f3c8289d6c50d47f950c12e76",
                "sha256:2ea52bd92ab9f768cc64a4c3ef8f4b2580a17af0a5436f6126b08efbd1838371",
                "sha256:36674959eed6957e61f11c912f71e78857a8d0604171dfd9ce9ad5cbf41c511c",
                "sha256:384ec0463d1c2671170901994aeb6dce126de0a95ccc3976c43b0038a37329c2",
                "sha256:39b70c19ec771805081578cc936bbe95336798b7edf4732ed102e7a43ec5c07a",
                "sha256:400580cbd3cff6ffa6293df2278c75aef2d58d8d93d3c5614cd67981dae68ceb",
                "sha256:43d4c81d5ffdff6bae58d66a3cd7f54a7acd9a0e7b18d97abb255defc09e3140",
                "sha256:50a4a0ad0111cc1b71fa32dedd05fa239f7fb5a43a40663269bb5dc7877cfd28",
                "sha256:603aa0706be710eea8884af807b1b3bc9fb2e49b9f4da439e76000f3b3c6ff0f",
                "sha256:6149a185cece5ee78d1d196938b2a8f9d09f5a5ebfbba66969302a778d5ddd1d",
                "sha256:759e4095edc3c1b3ac031f34d9459fa781777a93ccc633a472a5468587a190ff",
                "sha256:7fb43004bce0ca31d8f13a6eb5e943fa73371381e53f7074ed21a4cb786c32f8",
                "sha256:811daee36a58dc79cf3d8bdd4a490e4277d0e4b7d103a001a4e73ddb48e7e6aa",
                "sha256:8b5e972b43c8fc27d56550b4120fe6257fdc15f9301914380b27f74856299fea",
                "sha256:99abf4f353c3d1a0c7a5f27699482c987cf663b1eac20db59b8c7b061eabd7fc",
                "sha256:a0d53e51a6cb6f0d9082decb7a4cb6dfb33055308c4c44f53103c073f649af73",
                "sha256:a12ff4c8ddfee61f90a1633a4c4afd3f7bcb32b11c52026c92a12e1325922d0d",
                "sha256:a4646724fba402aa7504cd48b4b50e783296b5e10a524c7a6da62e4a8ac9698d",
                "sha256:a76f502430dd98d7546e1ea2250a7360c065a5fdea52b2dffe8ae7180909b6f4",
                "sha256:a9d17f2be3b427fbb2bce61e596cf555d6f8a56c222bd2ca148baeeb5e5c783c",
                "sha256:ab83f24d5c52d60dbc8cd0528759532736b56db58adaa7b5f1f76ad551416a1e",
                "sha256:aeb9ed923be74e659984e321f609b9ba54a48354bfd168d21a2b072ed1e833ea",
                "sha256:c843b3f50d1ab7361ca4f0b3639bf691569493a56808a0b0c54a051d260b7dbd",
                "sha256:cae865b1cae1ec2663d8ea56ef6ff185bad091a5e33ebbadd98de2cfa3fa668f",
                "sha256:cc6bd4fd593cb261332568485e20a0712883cf631f6f5e8e86a52caa8b2b50ff",
                "sha256:cf2402002d3d9f91c8b01e66fbb436a4ed01c6498fffed0e4c7566da1d40ee1e",
                "sha256:d051ec1c64b85ecc69531e1137bb9751c6830772ee5c1c426dbcfe98ef5788d7",
                "sha256:d6631f2e867676b13026e2846180e2c13c1e11289d67da08d71cacb2cd93d4aa",
                "sha256:dbd18bcf4889b720ba13a27ec2f2aac1981bd41203b3a3b27ba7a33f88ae4827",
                "sha256:df609c82f18c5b9f6cb97271f03315ff0dbe481a2a02e56aeb1b1a985ce38e60"
            ],
            "version": "==1.19.5"
        },
        "opencv-contrib-python-headless": {
            "hashes": [
                "sha256:049566ee2046c57a9164ea50512760bc82fb32258c49ca9e633d24cd04ab5f9b",
                "sha256:0db08032ffc47334d2db7741b516a88f4e191696e77436bbb8d4ec3cc8442062",
                "sha256:0de4c4064e89c3f9bf3b64fb9aa2d52d80689e99c455e3cbcb15ea420425aaef",
                "sha256:1d7165d5cf4fe52571cd8c799bef94516c39db1e390058e406a9fe90091caa58",
                "sha256:1dfcc85104f30fc8045b97efd1295316a64fd372c1babd8374fd607fbebca435",
                "sha256:3620a063d7920ed369e40da97b8981d73754c8124160d5870b0e3d89cb2ba360",
                "sha256:418d89314187e676c4e2b21353c3a743f494ccdb845b1ae1ceb50a749df10497",
                "sha256:4448a850e96dc35e11c7730f3e83b82d30eefe1655a9674cb0d6fb3c7980e166",
                "sha256:46b9a2d63923d79a048eb1ed4b27537c8bbd1ef07a7a592af9c208f135210451",
                "sha256:476c72ff6da06d82d45cbee71422f1f7117e40e7ededecf5d2345a10494f287f",
                "sha256:51b9260a9cfdf83defe5f7e7c0b81a143dd5a99e7fc943ea13ec9d856cda3692",
                "sha256:70da6133403bc2f75b3e7152e2734fa71c3aa4cba49d9fd7ca839a4a344996ca",
                "sha256:7d71bee753b7450fb5463b79aa619f15f2fc0ef68145f1697527099d74ac5069",
                "sha256:9ff9c8da40a9796ab4bfd75fc649fccc44962b304ce7948ef3c61edb89bd7374",
                "sha256:a51eedd4547f5ac541684c36b5a4c723b94e278692caa56de0fd661cb1029a33",
                "sha256:b119a69a69b6f07d97bf48f8d897859e5f74c9da09fd08234d36a1a3e3aa2170",
                "sha256:bcbc3a33653dae786b4bb4f6f1d4c4a3b8ee57f52e6edc8901ac4d80be44c393",
                "sha256:c2221d2f2f9169ca6b79d84795cc275fafeeea2e9873201e65ad3339f3ab36ce",
                "sha256:e7a3af953fdb14a31c6c760ae7902595e82e083894c60774dd8cb00919bacd1e",
                "sha256:fd7646e7545197810738c241fd758550b2fb9e25b7e69a53d418c2cc56cba2ca"
            ],
            "index": "pypi",
            "version": "==4.4.0.42"
        },
        "psutil": {
            "hashes": [
                "sha256:0ee3c36428f160d2d8fce3c583a0353e848abb7de9732c50cf3356dd49ad63f8",
                "sha256:10512b46c95b02842c225f58fa00385c08fa00c68bac7da2d9a58ebe2c517498",
                "sha256:4080869ed93cce662905b029a1770fe89c98787e543fa7347f075ade761b19d6",
                "sha256:5e9d0f26d4194479a13d5f4b3798260c20cecf9ac9a461e718eb59ea520a360c",
                "sha256:66c18ca7680a31bf16ee22b1d21b6397869dda8059dbdb57d9f27efa6615f195",
                "sha256:68d36986ded5dac7c2dcd42f2682af1db80d4bce3faa126a6145c1637e1b559f",
                "sha256:90990af1c3c67195c44c9a889184f84f5b2320dce3ee3acbd054e3ba0b4a7beb",
                "sha256:a5b120bb3c0c71dfe27551f9da2f3209a8257a178ed6c628a819037a8df487f1",
                "sha256:d8a82162f23c53b8525cf5f14a355f5d1eea86fa8edde27287dd3a98399e4fdf",
                "sha256:f2018461733b23f308c298653c8903d32aaad7873d25e1d228765e91ae42c3f2",
                "sha256:ff1977ba1a5f71f89166d5145c3da1cea89a0fdb044075a12c720ee9123ec818"
            ],
            "index": "pypi",
            "version": "==5.7.2"
        },
        "pyzmq": {
            "hashes": [
                "sha256:07a03450418694fb07e76a0191b6bc9f411afc8e364ca2062edcf28bb0e51c63",
                "sha256:15f0bf7cd80020f165635595e197603aedb37fddf4164ad5ae226afc43242f7b",
                "sha256:1756dc72e192c670490e38c788c3a35f901adc74ee436e5131d5a3e85fdd7dc6",
                "sha256:1d1eb490da54679d724b08ef3ee04530849023670c4ba7e400ed2cdf906720c4",
                "sha256:228402625796821f08706f58cc42a3c51c9897d723550babaefe4feec2b6dacc",
                "sha256:264ac9dcee6a7af2bce4b61f2d19e5926118a5caa629b50f107ef6318670a364",
                "sha256:2b5a43da65f5dec857184d5c2ce13b80071019e96358f146bdecff7238765bc9",
                "sha256:3928534fa00a2aabfcfdb439c08ba37fbe99ab0cf57776c8db8d2b73a51693ba",
                "sha256:3d2a295b1086d450981f73d3561ac204a0cc9c8ded386a4a34327d918f3b1d0a",
                "sha256:411def5b4cbe6111856040a55c8048df113882e90c57ce88de4a48f0189441ac",
                "sha256:4b77e96a7ffc1c5e08eaf274db554f227b31717d086adca1bb42b12ef35a7194",
                "sha256:4c87fa3e449e1f4ab9170cdfe8213dc0ba34a11b160e6adecafa892e451a29b6",
                "sha256:4fd8621a309db6ec23ef1369f43cdf7a9b0dc217d8ff9ca4095a6e932b379bda",
                "sha256:54fe55a1694ffe608c8e4c5183e83cab7a91f3e5c84bd6f188868d6676c12aba",
                "sha256:60acabd86808a16a895a247fd2bf7a127284a33562d79687bb5df163cff068b2",
                "sha256:618887be4ad754228c0cbba7631f6574608b4430fe93974e6322324f1304fdac",
                "sha256:69130efb6efa936de601cb135a8a4eec1caccd4ea2b784237145ff4075c2d3ae",
                "sha256:6e7f78eeac82140bde7e60e975c6e6b1b678a4dd377782ab63319c1c78bf3aa1",
                "sha256:6ee760cdb84e43574da6b3f2f1fc1251e8acf87253900d28a06451c5f5de39e9",
                "sha256:75c87f1dc1e65cea4b709f2ebc78fa18d4b475e41463502aec9cd26208b88e0f",
                "sha256:97cb1b7cd2c46e87b0a26651eccd2bbb8c758035efd1635ebb81ac36aa76a88c",
                "sha256:abfa774dbadacc849121ed92eae05189d226daab583388b499472e1bbb17ef69",
                "sha256:ae3d2627d74195ddc95675f2f814aca998381b73dc4341b9e10e3e191e1bdb0b",
                "sha256:b30c339eb58355f51f4f54dd61d785f1ff58c86bca1c3a5916977631d121867b",
                "sha256:cbabdced5b137cd56aa22633f13ac5690029a0ad43ab6c05f53206e489178362"
            ],
            "index": "pypi",
            "version": "==18.0.0"
        },
        "requests": {
            "hashes": [
                "sha256:27973dd4a904a4f13b263a19c866c13b92a39ed1c964655f025f3f8d3d75b804",
                "sha256:c210084e36a42ae6b9219e00e48287def368a26d03a048ddad7bfee44f75871e"
            ],
            "version": "==2.25.1"
        },
        "six": {
            "hashes": [
                "sha256:1e61c37477a1626458e36f7b1d82aa5c9b094fa4802892072e49de9c60c4c926",
                "sha256:8abb2f1d86890a2dfb989f9a77cfcfd3e47c2a354b01111771326f8aa26e0254"
            ],
            "version": "==1.16.0"
        },
        "urllib3": {
            "hashes": [
                "sha256:753a0374df26658f99d826cfe40394a686d05985786d946fbe4165b5148f5a7c",
                "sha256:a7acd0977125325f516bda9735fa7142b909a8d01e8b2e4c8108d0984e6e0098"
            ],
            "index": "pypi",
            "version": "==1.26.5"
        },
        "websocket-client": {
            "hashes": [
                "sha256:3e2bf58191d4619b161389a95bdce84ce9e0b24eb8107e7e590db682c2d0ca81",
                "sha256:abf306dc6351dcef07f4d40453037e51cc5d9da2ef60d0fc5d0fe3bcda255372"
            ],
            "version": "==1.0.1"
        }
    },
    "develop": {}
}
